version = 1
requires-python = "==3.10.*"

[manifest]
members = [
    "voyager",
    "voyager-plugin-list",
]

[[package]]
name = "altgraph"
version = "0.17.4"
source = { registry = "https://pypi.org/simple" }
sdist = { url = "https://files.pythonhosted.org/packages/de/a8/7145824cf0b9e3c28046520480f207df47e927df83aa9555fb47f8505922/altgraph-0.17.4.tar.gz", hash = "sha256:1b5afbb98f6c4dcadb2e2ae6ab9fa994bbb8c1d75f4fa96d340f9437ae454406", size = 48418 }
wheels = [
    { url = "https://files.pythonhosted.org/packages/4d/3f/3bc3f1d83f6e4a7fcb834d3720544ca597590425be5ba9db032b2bf322a2/altgraph-0.17.4-py2.py3-none-any.whl", hash = "sha256:642743b4750de17e655e6711601b077bc6598dbfa3ba5fa2b2a35ce12b508dff", size = 21212 },
]

[[package]]
name = "attrs"
version = "24.2.0"
source = { registry = "https://pypi.org/simple" }
sdist = { url = "https://files.pythonhosted.org/packages/fc/0f/aafca9af9315aee06a89ffde799a10a582fe8de76c563ee80bbcdc08b3fb/attrs-24.2.0.tar.gz", hash = "sha256:5cfb1b9148b5b086569baec03f20d7b6bf3bcacc9a42bebf87ffaaca362f6346", size = 792678 }
wheels = [
    { url = "https://files.pythonhosted.org/packages/6a/21/5b6702a7f963e95456c0de2d495f67bf5fd62840ac655dc451586d23d39a/attrs-24.2.0-py3-none-any.whl", hash = "sha256:81921eb96de3191c8258c199618104dd27ac608d9366f5e35d011eae1867ede2", size = 63001 },
]

[[package]]
name = "certifi"
version = "2024.8.30"
source = { registry = "https://pypi.org/simple" }
sdist = { url = "https://files.pythonhosted.org/packages/b0/ee/9b19140fe824b367c04c5e1b369942dd754c4c5462d5674002f75c4dedc1/certifi-2024.8.30.tar.gz", hash = "sha256:bec941d2aa8195e248a60b31ff9f0558284cf01a52591ceda73ea9afffd69fd9", size = 168507 }
wheels = [
    { url = "https://files.pythonhosted.org/packages/12/90/3c9ff0512038035f59d279fddeb79f5f1eccd8859f06d6163c58798b9487/certifi-2024.8.30-py3-none-any.whl", hash = "sha256:922820b53db7a7257ffbda3f597266d435245903d80737e34f8a45ff3e3230d8", size = 167321 },
]

[[package]]
name = "charset-normalizer"
version = "3.3.2"
source = { registry = "https://pypi.org/simple" }
sdist = { url = "https://files.pythonhosted.org/packages/63/09/c1bc53dab74b1816a00d8d030de5bf98f724c52c1635e07681d312f20be8/charset-normalizer-3.3.2.tar.gz", hash = "sha256:f30c3cb33b24454a82faecaf01b19c18562b1e89558fb6c56de4d9118a032fd5", size = 104809 }
wheels = [
    { url = "https://files.pythonhosted.org/packages/2b/61/095a0aa1a84d1481998b534177c8566fdc50bb1233ea9a0478cd3cc075bd/charset_normalizer-3.3.2-cp310-cp310-macosx_10_9_universal2.whl", hash = "sha256:25baf083bf6f6b341f4121c2f3c548875ee6f5339300e08be3f2b2ba1721cdd3", size = 194219 },
    { url = "https://files.pythonhosted.org/packages/cc/94/f7cf5e5134175de79ad2059edf2adce18e0685ebdb9227ff0139975d0e93/charset_normalizer-3.3.2-cp310-cp310-macosx_10_9_x86_64.whl", hash = "sha256:06435b539f889b1f6f4ac1758871aae42dc3a8c0e24ac9e60c2384973ad73027", size = 122521 },
    { url = "https://files.pythonhosted.org/packages/46/6a/d5c26c41c49b546860cc1acabdddf48b0b3fb2685f4f5617ac59261b44ae/charset_normalizer-3.3.2-cp310-cp310-macosx_11_0_arm64.whl", hash = "sha256:9063e24fdb1e498ab71cb7419e24622516c4a04476b17a2dab57e8baa30d6e03", size = 120383 },
    { url = "https://files.pythonhosted.org/packages/b8/60/e2f67915a51be59d4539ed189eb0a2b0d292bf79270410746becb32bc2c3/charset_normalizer-3.3.2-cp310-cp310-manylinux_2_17_aarch64.manylinux2014_aarch64.whl", hash = "sha256:6897af51655e3691ff853668779c7bad41579facacf5fd7253b0133308cf000d", size = 138223 },
    { url = "https://files.pythonhosted.org/packages/05/8c/eb854996d5fef5e4f33ad56927ad053d04dc820e4a3d39023f35cad72617/charset_normalizer-3.3.2-cp310-cp310-manylinux_2_17_ppc64le.manylinux2014_ppc64le.whl", hash = "sha256:1d3193f4a680c64b4b6a9115943538edb896edc190f0b222e73761716519268e", size = 148101 },
    { url = "https://files.pythonhosted.org/packages/f6/93/bb6cbeec3bf9da9b2eba458c15966658d1daa8b982c642f81c93ad9b40e1/charset_normalizer-3.3.2-cp310-cp310-manylinux_2_17_s390x.manylinux2014_s390x.whl", hash = "sha256:cd70574b12bb8a4d2aaa0094515df2463cb429d8536cfb6c7ce983246983e5a6", size = 140699 },
    { url = "https://files.pythonhosted.org/packages/da/f1/3702ba2a7470666a62fd81c58a4c40be00670e5006a67f4d626e57f013ae/charset_normalizer-3.3.2-cp310-cp310-manylinux_2_17_x86_64.manylinux2014_x86_64.whl", hash = "sha256:8465322196c8b4d7ab6d1e049e4c5cb460d0394da4a27d23cc242fbf0034b6b5", size = 142065 },
    { url = "https://files.pythonhosted.org/packages/3f/ba/3f5e7be00b215fa10e13d64b1f6237eb6ebea66676a41b2bcdd09fe74323/charset_normalizer-3.3.2-cp310-cp310-manylinux_2_5_i686.manylinux1_i686.manylinux_2_17_i686.manylinux2014_i686.whl", hash = "sha256:a9a8e9031d613fd2009c182b69c7b2c1ef8239a0efb1df3f7c8da66d5dd3d537", size = 144505 },
    { url = "https://files.pythonhosted.org/packages/33/c3/3b96a435c5109dd5b6adc8a59ba1d678b302a97938f032e3770cc84cd354/charset_normalizer-3.3.2-cp310-cp310-musllinux_1_1_aarch64.whl", hash = "sha256:beb58fe5cdb101e3a055192ac291b7a21e3b7ef4f67fa1d74e331a7f2124341c", size = 139425 },
    { url = "https://files.pythonhosted.org/packages/43/05/3bf613e719efe68fb3a77f9c536a389f35b95d75424b96b426a47a45ef1d/charset_normalizer-3.3.2-cp310-cp310-musllinux_1_1_i686.whl", hash = "sha256:e06ed3eb3218bc64786f7db41917d4e686cc4856944f53d5bdf83a6884432e12", size = 145287 },
    { url = "https://files.pythonhosted.org/packages/58/78/a0bc646900994df12e07b4ae5c713f2b3e5998f58b9d3720cce2aa45652f/charset_normalizer-3.3.2-cp310-cp310-musllinux_1_1_ppc64le.whl", hash = "sha256:2e81c7b9c8979ce92ed306c249d46894776a909505d8f5a4ba55b14206e3222f", size = 149929 },
    { url = "https://files.pythonhosted.org/packages/eb/5c/97d97248af4920bc68687d9c3b3c0f47c910e21a8ff80af4565a576bd2f0/charset_normalizer-3.3.2-cp310-cp310-musllinux_1_1_s390x.whl", hash = "sha256:572c3763a264ba47b3cf708a44ce965d98555f618ca42c926a9c1616d8f34269", size = 141605 },
    { url = "https://files.pythonhosted.org/packages/a8/31/47d018ef89f95b8aded95c589a77c072c55e94b50a41aa99c0a2008a45a4/charset_normalizer-3.3.2-cp310-cp310-musllinux_1_1_x86_64.whl", hash = "sha256:fd1abc0d89e30cc4e02e4064dc67fcc51bd941eb395c502aac3ec19fab46b519", size = 142646 },
    { url = "https://files.pythonhosted.org/packages/ae/d5/4fecf1d58bedb1340a50f165ba1c7ddc0400252d6832ff619c4568b36cc0/charset_normalizer-3.3.2-cp310-cp310-win32.whl", hash = "sha256:3d47fa203a7bd9c5b6cee4736ee84ca03b8ef23193c0d1ca99b5089f72645c73", size = 92846 },
    { url = "https://files.pythonhosted.org/packages/a2/a0/4af29e22cb5942488cf45630cbdd7cefd908768e69bdd90280842e4e8529/charset_normalizer-3.3.2-cp310-cp310-win_amd64.whl", hash = "sha256:10955842570876604d404661fbccbc9c7e684caf432c09c715ec38fbae45ae09", size = 100343 },
    { url = "https://files.pythonhosted.org/packages/28/76/e6222113b83e3622caa4bb41032d0b1bf785250607392e1b778aca0b8a7d/charset_normalizer-3.3.2-py3-none-any.whl", hash = "sha256:3e4d1f6587322d2788836a99c69062fbb091331ec940e02d12d179c1d53e25fc", size = 48543 },
]

[[package]]
name = "click"
version = "8.1.7"
source = { registry = "https://pypi.org/simple" }
dependencies = [
    { name = "colorama", marker = "platform_system == 'Windows'" },
]
sdist = { url = "https://files.pythonhosted.org/packages/96/d3/f04c7bfcf5c1862a2a5b845c6b2b360488cf47af55dfa79c98f6a6bf98b5/click-8.1.7.tar.gz", hash = "sha256:ca9853ad459e787e2192211578cc907e7594e294c7ccc834310722b41b9ca6de", size = 336121 }
wheels = [
    { url = "https://files.pythonhosted.org/packages/00/2e/d53fa4befbf2cfa713304affc7ca780ce4fc1fd8710527771b58311a3229/click-8.1.7-py3-none-any.whl", hash = "sha256:ae74fb96c20a0277a1d615f1e4d73c8414f5a98db8b799a7931d1582f3390c28", size = 97941 },
]

[[package]]
name = "colorama"
version = "0.4.6"
source = { registry = "https://pypi.org/simple" }
sdist = { url = "https://files.pythonhosted.org/packages/d8/53/6f443c9a4a8358a93a6792e2acffb9d9d5cb0a5cfd8802644b7b1c9a02e4/colorama-0.4.6.tar.gz", hash = "sha256:08695f5cb7ed6e0531a20572697297273c47b8cae5a63ffc6d6ed5c201be6e44", size = 27697 }
wheels = [
    { url = "https://files.pythonhosted.org/packages/d1/d6/3965ed04c63042e047cb6a3e6ed1a63a35087b6a609aa3a15ed8ac56c221/colorama-0.4.6-py2.py3-none-any.whl", hash = "sha256:4f1d9991f5acc0ca119f9d443620b77f9d6b33703e51011c16baf57afb285fc6", size = 25335 },
]

[[package]]
name = "dohq-artifactory"
version = "0.10.1"
source = { registry = "https://pypi.org/simple" }
dependencies = [
    { name = "pyjwt" },
    { name = "python-dateutil" },
    { name = "requests" },
]
sdist = { url = "https://files.pythonhosted.org/packages/ae/29/33ed60db402561b8b007f2ee01a910516b00c1fe136bc424a438f42b3b72/dohq_artifactory-0.10.1.tar.gz", hash = "sha256:aef34d70abd95648c400bc4f9c0b20ef14067a1dd50da87e2aefacd3a0176ca6", size = 42957 }
wheels = [
    { url = "https://files.pythonhosted.org/packages/a3/b9/3357e2b03dfebc52683814364e28832a8a3514537de24525b0afe3b52b45/dohq_artifactory-0.10.1-py3-none-any.whl", hash = "sha256:4bdf163346ba3fa2081ee893d2f26e1387add2fd6d1d4735faed9c2aa5a4ef3c", size = 32946 },
]

[[package]]
name = "idna"
version = "3.10"
source = { registry = "https://pypi.org/simple" }
sdist = { url = "https://files.pythonhosted.org/packages/f1/70/7703c29685631f5a7590aa73f1f1d3fa9a380e654b86af429e0934a32f7d/idna-3.10.tar.gz", hash = "sha256:12f65c9b470abda6dc35cf8e63cc574b1c52b11df2c86030af0ac09b01b13ea9", size = 190490 }
wheels = [
    { url = "https://files.pythonhosted.org/packages/76/c6/c88e154df9c4e1a2a66ccf0005a88dfb2650c1dffb6f5ce603dfbd452ce3/idna-3.10-py3-none-any.whl", hash = "sha256:946d195a0d259cbba61165e88e65941f16e9b36ea6ddb97f00452bae8b1287d3", size = 70442 },
]

[[package]]
name = "jsonschema"
version = "4.23.0"
source = { registry = "https://pypi.org/simple" }
dependencies = [
    { name = "attrs" },
    { name = "jsonschema-specifications" },
    { name = "referencing" },
    { name = "rpds-py" },
]
sdist = { url = "https://files.pythonhosted.org/packages/38/2e/03362ee4034a4c917f697890ccd4aec0800ccf9ded7f511971c75451deec/jsonschema-4.23.0.tar.gz", hash = "sha256:d71497fef26351a33265337fa77ffeb82423f3ea21283cd9467bb03999266bc4", size = 325778 }
wheels = [
    { url = "https://files.pythonhosted.org/packages/69/4a/4f9dbeb84e8850557c02365a0eee0649abe5eb1d84af92a25731c6c0f922/jsonschema-4.23.0-py3-none-any.whl", hash = "sha256:fbadb6f8b144a8f8cf9f0b89ba94501d143e50411a1278633f56a7acf7fd5566", size = 88462 },
]

[[package]]
name = "jsonschema-specifications"
version = "2023.12.1"
source = { registry = "https://pypi.org/simple" }
dependencies = [
    { name = "referencing" },
]
sdist = { url = "https://files.pythonhosted.org/packages/f8/b9/cc0cc592e7c195fb8a650c1d5990b10175cf13b4c97465c72ec841de9e4b/jsonschema_specifications-2023.12.1.tar.gz", hash = "sha256:48a76787b3e70f5ed53f1160d2b81f586e4ca6d1548c5de7085d1682674764cc", size = 13983 }
wheels = [
    { url = "https://files.pythonhosted.org/packages/ee/07/44bd408781594c4d0a027666ef27fab1e441b109dc3b76b4f836f8fd04fe/jsonschema_specifications-2023.12.1-py3-none-any.whl", hash = "sha256:87e4fdf3a94858b8a2ba2778d9ba57d8a9cafca7c7489c46ba0d30a8bc6a9c3c", size = 18482 },
]

[[package]]
name = "macholib"
version = "1.16.3"
source = { registry = "https://pypi.org/simple" }
dependencies = [
    { name = "altgraph" },
]
sdist = { url = "https://files.pythonhosted.org/packages/95/ee/af1a3842bdd5902ce133bd246eb7ffd4375c38642aeb5dc0ae3a0329dfa2/macholib-1.16.3.tar.gz", hash = "sha256:07ae9e15e8e4cd9a788013d81f5908b3609aa76f9b1421bae9c4d7606ec86a30", size = 59309 }
wheels = [
    { url = "https://files.pythonhosted.org/packages/d1/5d/c059c180c84f7962db0aeae7c3b9303ed1d73d76f2bfbc32bc231c8be314/macholib-1.16.3-py2.py3-none-any.whl", hash = "sha256:0e315d7583d38b8c77e815b1ecbdbf504a8258d8b3e17b61165c6feb60d18f2c", size = 38094 },
]

[[package]]
name = "node-semver"
version = "0.7.0"
source = { registry = "https://pypi.org/simple" }
sdist = { url = "https://files.pythonhosted.org/packages/8a/2f/88e7e0f758b7a99c95556dae788a07ce9379489263f8e5352587328ce606/node-semver-0.7.0.tar.gz", hash = "sha256:21b9a02069a71c4936b211eea4c600e78cf9ceb03ecc0272186c4ac5c3b4f1dc", size = 17441 }
wheels = [
    { url = "https://files.pythonhosted.org/packages/61/8e/1b7b048397319aacd6ec67491b812d35b088ea6bf29a2ed868e6944d6b89/node_semver-0.7.0-py3-none-any.whl", hash = "sha256:272958646985a4791a3daf8b6fc978ee7de5287121c1c3df62fefb8fb720862e", size = 23989 },
]

[[package]]
name = "packaging"
version = "24.1"
source = { registry = "https://pypi.org/simple" }
sdist = { url = "https://files.pythonhosted.org/packages/51/65/50db4dda066951078f0a96cf12f4b9ada6e4b811516bf0262c0f4f7064d4/packaging-24.1.tar.gz", hash = "sha256:026ed72c8ed3fcce5bf8950572258698927fd1dbda10a5e981cdf0ac37f4f002", size = 148788 }
wheels = [
    { url = "https://files.pythonhosted.org/packages/08/aa/cc0199a5f0ad350994d660967a8efb233fe0416e4639146c089643407ce6/packaging-24.1-py3-none-any.whl", hash = "sha256:5b8f2217dbdbd2f7f384c41c628544e6d52f2d0f53c6d0c3ea61aa5d1d7ff124", size = 53985 },
]

[[package]]
name = "pefile"
version = "2024.8.26"
source = { registry = "https://pypi.org/simple" }
sdist = { url = "https://files.pythonhosted.org/packages/03/4f/2750f7f6f025a1507cd3b7218691671eecfd0bbebebe8b39aa0fe1d360b8/pefile-2024.8.26.tar.gz", hash = "sha256:3ff6c5d8b43e8c37bb6e6dd5085658d658a7a0bdcd20b6a07b1fcfc1c4e9d632", size = 76008 }
wheels = [
    { url = "https://files.pythonhosted.org/packages/54/16/12b82f791c7f50ddec566873d5bdd245baa1491bac11d15ffb98aecc8f8b/pefile-2024.8.26-py3-none-any.whl", hash = "sha256:76f8b485dcd3b1bb8166f1128d395fa3d87af26360c2358fb75b80019b957c6f", size = 74766 },
]

[[package]]
name = "pyinstaller"
version = "6.10.0"
source = { registry = "https://pypi.org/simple" }
dependencies = [
    { name = "altgraph" },
    { name = "macholib", marker = "sys_platform == 'darwin'" },
    { name = "packaging" },
    { name = "pefile", marker = "sys_platform == 'win32'" },
    { name = "pyinstaller-hooks-contrib" },
    { name = "pywin32-ctypes", marker = "sys_platform == 'win32'" },
    { name = "setuptools" },
]
sdist = { url = "https://files.pythonhosted.org/packages/5c/df/30b1f66d35defa37e676556acca4eb775b49637bb73054b0c31af134cd8a/pyinstaller-6.10.0.tar.gz", hash = "sha256:143840f8056ff7b910bf8f16f6cd92cc10a6c2680bb76d0a25d558d543d21270", size = 2464746 }
wheels = [
    { url = "https://files.pythonhosted.org/packages/a6/fd/9b3c208c9cc822555b88c6af051da5f7291f367e4337ea44b138008ba2fb/pyinstaller-6.10.0-py3-none-macosx_10_13_universal2.whl", hash = "sha256:d60fb22859e11483af735aec115fdde09467cdbb29edd9844839f2c920b748c0", size = 984872 },
    { url = "https://files.pythonhosted.org/packages/b7/1c/1071c69e21b27ca5b1ea185fb897a0e724e85b8c4456b0b142b0cac3c33b/pyinstaller-6.10.0-py3-none-manylinux2014_aarch64.whl", hash = "sha256:46d75359668993ddd98630a3669dc5249f3c446e35239b43bc7f4155bc574748", size = 705041 },
    { url = "https://files.pythonhosted.org/packages/c4/44/4e20bf97d464cb27fd9b25321c94beb8d1f5ed7176af38fe6a22d8766d2e/pyinstaller-6.10.0-py3-none-manylinux2014_i686.whl", hash = "sha256:3398a98fa17d47ccb31f8779ecbdacec025f7adb2f22757a54b706ac8b4fe906", size = 707309 },
    { url = "https://files.pythonhosted.org/packages/65/e7/452dc579bd38b50142a0886a3a0fd67aa14fb84ea0376f339a568931319c/pyinstaller-6.10.0-py3-none-manylinux2014_ppc64le.whl", hash = "sha256:e9989f354ae4ed8a3bec7bdb37ae0d170751d6520e500f049c7cd0632d31d5c3", size = 712476 },
    { url = "https://files.pythonhosted.org/packages/6e/56/5ce76d7dd53f8ed13d91d0ac9688b5624c849ad2dfcee18ff5709955d150/pyinstaller-6.10.0-py3-none-manylinux2014_s390x.whl", hash = "sha256:b7c90c91921b3749083115b28f30f40abf2bb481ceff196d2b2ce0eaa2b3d429", size = 702859 },
    { url = "https://files.pythonhosted.org/packages/19/78/604bec9cd73cd02ed29f7bd72ec25dff6eccc57554ec3ab096959fae65de/pyinstaller-6.10.0-py3-none-manylinux2014_x86_64.whl", hash = "sha256:6cf876d7d93b8b4f28d1ad57fa24645cf43119c79e985dd5e5f7a801245e6f53", size = 703343 },
    { url = "https://files.pythonhosted.org/packages/ba/8f/f21b92a90bb48a0e59f448ff6f92a823457922207cede7ae3abedcbfb974/pyinstaller-6.10.0-py3-none-musllinux_1_1_aarch64.whl", hash = "sha256:db05e3f2f10f9f78c56f1fb163d9cb453433429fe4281218ebaf1ebfd39ba942", size = 707763 },
    { url = "https://files.pythonhosted.org/packages/fa/77/eeac52914f24d952524493d3190f6a383582d4abb117076f50264eba0f9e/pyinstaller-6.10.0-py3-none-musllinux_1_1_x86_64.whl", hash = "sha256:28eca3817f176fdc19747e1afcf434f13bb9f17a644f611be2c5a61b1f498ed7", size = 703742 },
    { url = "https://files.pythonhosted.org/packages/a2/fd/dcbeb93783b983c8bf5d9cab929361761b0c3bc560de5377041eb2aec2b0/pyinstaller-6.10.0-py3-none-win32.whl", hash = "sha256:703e041718987e46ba0568a2c71ecf2459fddef57cf9edf3efeed4a53e3dae3f", size = 1272503 },
    { url = "https://files.pythonhosted.org/packages/c2/13/fe1ea2fb379a4ea86fa38c224b853b94227246840484feccbb4f2fded615/pyinstaller-6.10.0-py3-none-win_amd64.whl", hash = "sha256:95b55966e563e8b8f31a43882aea10169e9a11fdf38e626d86a2907b640c0701", size = 1332831 },
    { url = "https://files.pythonhosted.org/packages/4e/4f/d46f182cae5b43d97b18fa5b167a233ec04fd616d60514aece08d5c45ab8/pyinstaller-6.10.0-py3-none-win_arm64.whl", hash = "sha256:308e0a8670c9c9ac0cebbf1bbb492e71b6675606f2ec78bc4adfc830d209e087", size = 1259686 },
]

[[package]]
name = "pyinstaller-hooks-contrib"
version = "2024.8"
source = { registry = "https://pypi.org/simple" }
dependencies = [
    { name = "packaging" },
    { name = "setuptools" },
]
sdist = { url = "https://files.pythonhosted.org/packages/20/17/58309bc981794907429f352ed628008db5ead987dafc5b2bfb318804a949/pyinstaller_hooks_contrib-2024.8.tar.gz", hash = "sha256:29b68d878ab739e967055b56a93eb9b58e529d5b054fbab7a2f2bacf80cef3e2", size = 131815 }
wheels = [
    { url = "https://files.pythonhosted.org/packages/a0/8f/a7eb7b85ea2015d1c9a8c1686eaeb61f3ce35e1047fc03c0ac71d22d68f2/pyinstaller_hooks_contrib-2024.8-py3-none-any.whl", hash = "sha256:0057fe9a5c398d3f580e73e58793a1d4a8315ca91c3df01efea1c14ed557825a", size = 322803 },
]

[[package]]
name = "pyjwt"
version = "2.9.0"
source = { registry = "https://pypi.org/simple" }
sdist = { url = "https://files.pythonhosted.org/packages/fb/68/ce067f09fca4abeca8771fe667d89cc347d1e99da3e093112ac329c6020e/pyjwt-2.9.0.tar.gz", hash = "sha256:7e1e5b56cc735432a7369cbfa0efe50fa113ebecdc04ae6922deba8b84582d0c", size = 78825 }
wheels = [
    { url = "https://files.pythonhosted.org/packages/79/84/0fdf9b18ba31d69877bd39c9cd6052b47f3761e9910c15de788e519f079f/PyJWT-2.9.0-py3-none-any.whl", hash = "sha256:3b02fb0f44517787776cf48f2ae25d8e14f300e6d7545a4315cee571a415e850", size = 22344 },
]

[[package]]
name = "python-dateutil"
version = "2.9.0.post0"
source = { registry = "https://pypi.org/simple" }
dependencies = [
    { name = "six" },
]
sdist = { url = "https://files.pythonhosted.org/packages/66/c0/0c8b6ad9f17a802ee498c46e004a0eb49bc148f2fd230864601a86dcf6db/python-dateutil-2.9.0.post0.tar.gz", hash = "sha256:37dd54208da7e1cd875388217d5e00ebd4179249f90fb72437e91a35459a0ad3", size = 342432 }
wheels = [
    { url = "https://files.pythonhosted.org/packages/ec/57/56b9bcc3c9c6a792fcbaf139543cee77261f3651ca9da0c93f5c1221264b/python_dateutil-2.9.0.post0-py2.py3-none-any.whl", hash = "sha256:a8b2bc7bffae282281c8140a97d3aa9c14da0b136dfe83f850eea9a5f7470427", size = 229892 },
]

[[package]]
name = "pywin32-ctypes"
version = "0.2.3"
source = { registry = "https://pypi.org/simple" }
sdist = { url = "https://files.pythonhosted.org/packages/85/9f/01a1a99704853cb63f253eea009390c88e7131c67e66a0a02099a8c917cb/pywin32-ctypes-0.2.3.tar.gz", hash = "sha256:d162dc04946d704503b2edc4d55f3dba5c1d539ead017afa00142c38b9885755", size = 29471 }
wheels = [
    { url = "https://files.pythonhosted.org/packages/de/3d/8161f7711c017e01ac9f008dfddd9410dff3674334c233bde66e7ba65bbf/pywin32_ctypes-0.2.3-py3-none-any.whl", hash = "sha256:8a1513379d709975552d202d942d9837758905c8d01eb82b8bcc30918929e7b8", size = 30756 },
]

[[package]]
name = "referencing"
version = "0.35.1"
source = { registry = "https://pypi.org/simple" }
dependencies = [
    { name = "attrs" },
    { name = "rpds-py" },
]
sdist = { url = "https://files.pythonhosted.org/packages/99/5b/73ca1f8e72fff6fa52119dbd185f73a907b1989428917b24cff660129b6d/referencing-0.35.1.tar.gz", hash = "sha256:25b42124a6c8b632a425174f24087783efb348a6f1e0008e63cd4466fedf703c", size = 62991 }
wheels = [
    { url = "https://files.pythonhosted.org/packages/b7/59/2056f61236782a2c86b33906c025d4f4a0b17be0161b63b70fd9e8775d36/referencing-0.35.1-py3-none-any.whl", hash = "sha256:eda6d3234d62814d1c64e305c1331c9a3a6132da475ab6382eaa997b21ee75de", size = 26684 },
]

[[package]]
name = "requests"
version = "2.32.3"
source = { registry = "https://pypi.org/simple" }
dependencies = [
    { name = "certifi" },
    { name = "charset-normalizer" },
    { name = "idna" },
    { name = "urllib3" },
]
sdist = { url = "https://files.pythonhosted.org/packages/63/70/2bf7780ad2d390a8d301ad0b550f1581eadbd9a20f896afe06353c2a2913/requests-2.32.3.tar.gz", hash = "sha256:55365417734eb18255590a9ff9eb97e9e1da868d4ccd6402399eaf68af20a760", size = 131218 }
wheels = [
    { url = "https://files.pythonhosted.org/packages/f9/9b/335f9764261e915ed497fcdeb11df5dfd6f7bf257d4a6a2a686d80da4d54/requests-2.32.3-py3-none-any.whl", hash = "sha256:70761cfe03c773ceb22aa2f671b4757976145175cdfca038c02654d061d6dcc6", size = 64928 },
]

[[package]]
name = "rpds-py"
version = "0.20.0"
source = { registry = "https://pypi.org/simple" }
sdist = { url = "https://files.pythonhosted.org/packages/55/64/b693f262791b818880d17268f3f8181ef799b0d187f6f731b1772e05a29a/rpds_py-0.20.0.tar.gz", hash = "sha256:d72a210824facfdaf8768cf2d7ca25a042c30320b3020de2fa04640920d4e121", size = 25814 }
wheels = [
    { url = "https://files.pythonhosted.org/packages/71/2d/a7e60483b72b91909e18f29a5c5ae847bac4e2ae95b77bb77e1f41819a58/rpds_py-0.20.0-cp310-cp310-macosx_10_12_x86_64.whl", hash = "sha256:3ad0fda1635f8439cde85c700f964b23ed5fc2d28016b32b9ee5fe30da5c84e2", size = 318432 },
    { url = "https://files.pythonhosted.org/packages/b5/b4/f15b0c55a6d880ce74170e7e28c3ed6c5acdbbd118df50b91d1dabf86008/rpds_py-0.20.0-cp310-cp310-macosx_11_0_arm64.whl", hash = "sha256:9bb4a0d90fdb03437c109a17eade42dfbf6190408f29b2744114d11586611d6f", size = 311333 },
    { url = "https://files.pythonhosted.org/packages/36/10/3f4e490fe6eb069c07c22357d0b4804cd94cb9f8d01345ef9b1d93482b9d/rpds_py-0.20.0-cp310-cp310-manylinux_2_17_aarch64.manylinux2014_aarch64.whl", hash = "sha256:c6377e647bbfd0a0b159fe557f2c6c602c159fc752fa316572f012fc0bf67150", size = 366697 },
    { url = "https://files.pythonhosted.org/packages/f5/c8/cd6ab31b4424c7fab3b17e153b6ea7d1bb0d7cabea5c1ef683cc8adb8bc2/rpds_py-0.20.0-cp310-cp310-manylinux_2_17_armv7l.manylinux2014_armv7l.whl", hash = "sha256:eb851b7df9dda52dc1415ebee12362047ce771fc36914586b2e9fcbd7d293b3e", size = 368386 },
    { url = "https://files.pythonhosted.org/packages/60/5e/642a44fda6dda90b5237af7a0ef1d088159c30a504852b94b0396eb62125/rpds_py-0.20.0-cp310-cp310-manylinux_2_17_ppc64le.manylinux2014_ppc64le.whl", hash = "sha256:1e0f80b739e5a8f54837be5d5c924483996b603d5502bfff79bf33da06164ee2", size = 395374 },
    { url = "https://files.pythonhosted.org/packages/7c/b5/ff18c093c9e72630f6d6242e5ccb0728ef8265ba0a154b5972f89d23790a/rpds_py-0.20.0-cp310-cp310-manylinux_2_17_s390x.manylinux2014_s390x.whl", hash = "sha256:5a8c94dad2e45324fc74dce25e1645d4d14df9a4e54a30fa0ae8bad9a63928e3", size = 433189 },
    { url = "https://files.pythonhosted.org/packages/4a/6d/1166a157b227f2333f8e8ae320b6b7ea2a6a38fbe7a3563ad76dffc8608d/rpds_py-0.20.0-cp310-cp310-manylinux_2_17_x86_64.manylinux2014_x86_64.whl", hash = "sha256:f8e604fe73ba048c06085beaf51147eaec7df856824bfe7b98657cf436623daf", size = 354849 },
    { url = "https://files.pythonhosted.org/packages/70/a4/70ea49863ea09ae4c2971f2eef58e80b757e3c0f2f618c5815bb751f7847/rpds_py-0.20.0-cp310-cp310-manylinux_2_5_i686.manylinux1_i686.whl", hash = "sha256:df3de6b7726b52966edf29663e57306b23ef775faf0ac01a3e9f4012a24a4140", size = 373233 },
    { url = "https://files.pythonhosted.org/packages/3b/d3/822a28152a1e7e2ba0dc5d06cf8736f4cd64b191bb6ec47fb51d1c3c5ccf/rpds_py-0.20.0-cp310-cp310-musllinux_1_2_aarch64.whl", hash = "sha256:cf258ede5bc22a45c8e726b29835b9303c285ab46fc7c3a4cc770736b5304c9f", size = 541852 },
    { url = "https://files.pythonhosted.org/packages/c6/a5/6ef91e4425dc8b3445ff77d292fc4c5e37046462434a0423c4e0a596a8bd/rpds_py-0.20.0-cp310-cp310-musllinux_1_2_i686.whl", hash = "sha256:55fea87029cded5df854ca7e192ec7bdb7ecd1d9a3f63d5c4eb09148acf4a7ce", size = 547630 },
    { url = "https://files.pythonhosted.org/packages/72/f8/d5625ee05c4e5c478954a16d9359069c66fe8ac8cd5ddf28f80d3b321837/rpds_py-0.20.0-cp310-cp310-musllinux_1_2_x86_64.whl", hash = "sha256:ae94bd0b2f02c28e199e9bc51485d0c5601f58780636185660f86bf80c89af94", size = 525766 },
    { url = "https://files.pythonhosted.org/packages/94/3c/1ff1ed6ae323b3e16fdfcdae0f0a67f373a6c3d991229dc32b499edeffb7/rpds_py-0.20.0-cp310-none-win32.whl", hash = "sha256:28527c685f237c05445efec62426d285e47a58fb05ba0090a4340b73ecda6dee", size = 199174 },
    { url = "https://files.pythonhosted.org/packages/ec/ba/5762c0aee2403dfea14ed74b0f8a2415cfdbb21cf745d600d9a8ac952c5b/rpds_py-0.20.0-cp310-none-win_amd64.whl", hash = "sha256:238a2d5b1cad28cdc6ed15faf93a998336eb041c4e440dd7f902528b8891b399", size = 213543 },
    { url = "https://files.pythonhosted.org/packages/06/39/bf1f664c347c946ef56cecaa896e3693d91acc741afa78ebb3fdb7aba08b/rpds_py-0.20.0-pp310-pypy310_pp73-macosx_10_12_x86_64.whl", hash = "sha256:617c7357272c67696fd052811e352ac54ed1d9b49ab370261a80d3b6ce385045", size = 319444 },
    { url = "https://files.pythonhosted.org/packages/c1/71/876135d3cb90d62468540b84e8e83ff4dc92052ab309bfdea7ea0b9221ad/rpds_py-0.20.0-pp310-pypy310_pp73-macosx_11_0_arm64.whl", hash = "sha256:9426133526f69fcaba6e42146b4e12d6bc6c839b8b555097020e2b78ce908dcc", size = 311699 },
    { url = "https://files.pythonhosted.org/packages/f7/da/8ccaeba6a3dda7467aebaf893de9eafd56275e2c90773c83bf15fb0b8374/rpds_py-0.20.0-pp310-pypy310_pp73-manylinux_2_17_aarch64.manylinux2014_aarch64.whl", hash = "sha256:deb62214c42a261cb3eb04d474f7155279c1a8a8c30ac89b7dcb1721d92c3c02", size = 367825 },
    { url = "https://files.pythonhosted.org/packages/04/b6/02a54c47c178d180395b3c9a8bfb3b93906e08f9acf7b4a1067d27c3fae0/rpds_py-0.20.0-pp310-pypy310_pp73-manylinux_2_17_armv7l.manylinux2014_armv7l.whl", hash = "sha256:fcaeb7b57f1a1e071ebd748984359fef83ecb026325b9d4ca847c95bc7311c92", size = 369046 },
    { url = "https://files.pythonhosted.org/packages/a7/64/df4966743aa4def8727dc13d06527c8b13eb7412c1429def2d4701bee520/rpds_py-0.20.0-pp310-pypy310_pp73-manylinux_2_17_ppc64le.manylinux2014_ppc64le.whl", hash = "sha256:d454b8749b4bd70dd0a79f428731ee263fa6995f83ccb8bada706e8d1d3ff89d", size = 395896 },
    { url = "https://files.pythonhosted.org/packages/6f/d9/7ff03ff3642c600f27ff94512bb158a8d815fea5ed4162c75a7e850d6003/rpds_py-0.20.0-pp310-pypy310_pp73-manylinux_2_17_s390x.manylinux2014_s390x.whl", hash = "sha256:d807dc2051abe041b6649681dce568f8e10668e3c1c6543ebae58f2d7e617855", size = 432427 },
    { url = "https://files.pythonhosted.org/packages/b8/c6/e1b886f7277b3454e55e85332e165091c19114eecb5377b88d892fd36ccf/rpds_py-0.20.0-pp310-pypy310_pp73-manylinux_2_17_x86_64.manylinux2014_x86_64.whl", hash = "sha256:c3c20f0ddeb6e29126d45f89206b8291352b8c5b44384e78a6499d68b52ae511", size = 355403 },
    { url = "https://files.pythonhosted.org/packages/e2/62/e26bd5b944e547c7bfd0b6ca7e306bfa430f8bd298ab72a1217976a7ca8d/rpds_py-0.20.0-pp310-pypy310_pp73-manylinux_2_5_i686.manylinux1_i686.whl", hash = "sha256:b7f19250ceef892adf27f0399b9e5afad019288e9be756d6919cb58892129f51", size = 374491 },
    { url = "https://files.pythonhosted.org/packages/c3/92/93c5a530898d3a5d1ce087455071ba714b77806ed9ffee4070d0c7a53b7e/rpds_py-0.20.0-pp310-pypy310_pp73-musllinux_1_2_aarch64.whl", hash = "sha256:4f1ed4749a08379555cebf4650453f14452eaa9c43d0a95c49db50c18b7da075", size = 543622 },
    { url = "https://files.pythonhosted.org/packages/01/9e/d68fba289625b5d3c9d1925825d7da716fbf812bda2133ac409021d5db13/rpds_py-0.20.0-pp310-pypy310_pp73-musllinux_1_2_i686.whl", hash = "sha256:dcedf0b42bcb4cfff4101d7771a10532415a6106062f005ab97d1d0ab5681c60", size = 548558 },
    { url = "https://files.pythonhosted.org/packages/bf/d6/4b2fad4898154365f0f2bd72ffd190349274a4c1d6a6f94f02a83bb2b8f1/rpds_py-0.20.0-pp310-pypy310_pp73-musllinux_1_2_x86_64.whl", hash = "sha256:39ed0d010457a78f54090fafb5d108501b5aa5604cc22408fc1c0c77eac14344", size = 525753 },
    { url = "https://files.pythonhosted.org/packages/d2/ea/6f121d1802f3adae1981aea4209ea66f9d3c7f2f6d6b85ef4f13a61d17ef/rpds_py-0.20.0-pp310-pypy310_pp73-win_amd64.whl", hash = "sha256:bb273176be34a746bdac0b0d7e4e2c467323d13640b736c4c477881a3220a989", size = 213529 },
]

[[package]]
name = "setuptools"
version = "75.1.0"
source = { registry = "https://pypi.org/simple" }
sdist = { url = "https://files.pythonhosted.org/packages/27/b8/f21073fde99492b33ca357876430822e4800cdf522011f18041351dfa74b/setuptools-75.1.0.tar.gz", hash = "sha256:d59a21b17a275fb872a9c3dae73963160ae079f1049ed956880cd7c09b120538", size = 1348057 }
wheels = [
    { url = "https://files.pythonhosted.org/packages/ff/ae/f19306b5a221f6a436d8f2238d5b80925004093fa3edea59835b514d9057/setuptools-75.1.0-py3-none-any.whl", hash = "sha256:35ab7fd3bcd95e6b7fd704e4a1539513edad446c097797f2985e0e4b960772f2", size = 1248506 },
]

[[package]]
name = "six"
version = "1.16.0"
source = { registry = "https://pypi.org/simple" }
sdist = { url = "https://files.pythonhosted.org/packages/71/39/171f1c67cd00715f190ba0b100d606d440a28c93c7714febeca8b79af85e/six-1.16.0.tar.gz", hash = "sha256:1e61c37477a1626458e36f7b1d82aa5c9b094fa4802892072e49de9c60c4c926", size = 34041 }
wheels = [
    { url = "https://files.pythonhosted.org/packages/d9/5a/e7c31adbe875f2abbb91bd84cf2dc52d792b5a01506781dbcf25c91daf11/six-1.16.0-py2.py3-none-any.whl", hash = "sha256:8abb2f1d86890a2dfb989f9a77cfcfd3e47c2a354b01111771326f8aa26e0254", size = 11053 },
]

[[package]]
name = "urllib3"
version = "2.2.3"
source = { registry = "https://pypi.org/simple" }
sdist = { url = "https://files.pythonhosted.org/packages/ed/63/22ba4ebfe7430b76388e7cd448d5478814d3032121827c12a2cc287e2260/urllib3-2.2.3.tar.gz", hash = "sha256:e7d814a81dad81e6caf2ec9fdedb284ecc9c73076b62654547cc64ccdcae26e9", size = 300677 }
wheels = [
    { url = "https://files.pythonhosted.org/packages/ce/d9/5f4c13cecde62396b0d3fe530a50ccea91e7dfc1ccf0e09c228841bb5ba8/urllib3-2.2.3-py3-none-any.whl", hash = "sha256:ca899ca043dcb1bafa3e262d73aa25c465bfb49e0bd9dd5d59f1d0acba2f8fac", size = 126338 },
]

[[package]]
name = "voyager"
version = "1.17.0"
source = { editable = "." }
dependencies = [
    { name = "click" },
    { name = "dohq-artifactory" },
    { name = "jsonschema" },
    { name = "node-semver" },
    { name = "voyager-plugin-list" },
]

[package.dev-dependencies]
dev = [
    { name = "pyinstaller" },
]

[package.metadata]
requires-dist = [
    { name = "click", specifier = "==8.1.7" },
    { name = "dohq-artifactory", specifier = "==0.10.1" },
    { name = "jsonschema", specifier = "==4.23.0" },
    { name = "node-semver", specifier = "==0.7.0" },
    { name = "voyager-plugin-list", editable = "plugins/voyager_listplugins" },
]

[package.metadata.requires-dev]
dev = [{ name = "pyinstaller", specifier = ">=6.10.0" }]

[[package]]
name = "voyager-plugin-list"
version = "1.0.0"
source = { editable = "plugins/voyager_listplugins" }
